// !$*UTF8*$!
{
	archiveVersion = 1;
	classes = {
	};
	objectVersion = 56;
	objects = {

/* Begin PBXBuildFile section */
		CDD0498D2B5B98E700FECAD4 /* NotieApp.swift in Sources */ = {isa = PBXBuildFile; fileRef = CDD0498C2B5B98E700FECAD4 /* NotieApp.swift */; };
		CDD0498F2B5B98E700FECAD4 /* RootView.swift in Sources */ = {isa = PBXBuildFile; fileRef = CDD0498E2B5B98E700FECAD4 /* RootView.swift */; };
		CDD049912B5B98E800FECAD4 /* Assets.xcassets in Resources */ = {isa = PBXBuildFile; fileRef = CDD049902B5B98E800FECAD4 /* Assets.xcassets */; };
		CDD049942B5B98E800FECAD4 /* Preview Assets.xcassets in Resources */ = {isa = PBXBuildFile; fileRef = CDD049932B5B98E800FECAD4 /* Preview Assets.xcassets */; };
		CDD0499E2B5B98E800FECAD4 /* NotieTests.swift in Sources */ = {isa = PBXBuildFile; fileRef = CDD0499D2B5B98E800FECAD4 /* NotieTests.swift */; };
		CDD049A82B5B98E800FECAD4 /* NotieUITests.swift in Sources */ = {isa = PBXBuildFile; fileRef = CDD049A72B5B98E800FECAD4 /* NotieUITests.swift */; };
		CDD049AA2B5B98E800FECAD4 /* NotieUITestsLaunchTests.swift in Sources */ = {isa = PBXBuildFile; fileRef = CDD049A92B5B98E800FECAD4 /* NotieUITestsLaunchTests.swift */; };
		CDD049CC2B5C02C400FECAD4 /* UIButton.swift in Sources */ = {isa = PBXBuildFile; fileRef = CDD049CB2B5C02C400FECAD4 /* UIButton.swift */; };
		CDD049D22B5C090D00FECAD4 /* ManjariBold.ttf in Resources */ = {isa = PBXBuildFile; fileRef = CDD049CE2B5C090D00FECAD4 /* ManjariBold.ttf */; };
		CDD049D32B5C090D00FECAD4 /* ManjariThin.ttf in Resources */ = {isa = PBXBuildFile; fileRef = CDD049CF2B5C090D00FECAD4 /* ManjariThin.ttf */; };
		CDD049D42B5C090D00FECAD4 /* ManjariRegular.ttf in Resources */ = {isa = PBXBuildFile; fileRef = CDD049D02B5C090D00FECAD4 /* ManjariRegular.ttf */; };
		CDD049D92B5C765200FECAD4 /* UIText.swift in Sources */ = {isa = PBXBuildFile; fileRef = CDD049D82B5C765200FECAD4 /* UIText.swift */; };
		CDD049DC2B5C77E400FECAD4 /* Extensions.swift in Sources */ = {isa = PBXBuildFile; fileRef = CDD049DB2B5C77E400FECAD4 /* Extensions.swift */; };
		CDD049DF2B5C7A9B00FECAD4 /* OnBoardingView.swift in Sources */ = {isa = PBXBuildFile; fileRef = CDD049DE2B5C7A9B00FECAD4 /* OnBoardingView.swift */; };
		CDD049E12B5C855400FECAD4 /* OnBoardingModel.swift in Sources */ = {isa = PBXBuildFile; fileRef = CDD049E02B5C855400FECAD4 /* OnBoardingModel.swift */; };
		CDD049E32B5C868100FECAD4 /* OnBoardingViewModel.swift in Sources */ = {isa = PBXBuildFile; fileRef = CDD049E22B5C868100FECAD4 /* OnBoardingViewModel.swift */; };
		CDD049E52B5C98C600FECAD4 /* LoginView.swift in Sources */ = {isa = PBXBuildFile; fileRef = CDD049E42B5C98C600FECAD4 /* LoginView.swift */; };
		CDD049E72B5C98D500FECAD4 /* RegisterView.swift in Sources */ = {isa = PBXBuildFile; fileRef = CDD049E62B5C98D500FECAD4 /* RegisterView.swift */; };
/* End PBXBuildFile section */

/* Begin PBXContainerItemProxy section */
		CDD0499A2B5B98E800FECAD4 /* PBXContainerItemProxy */ = {
			isa = PBXContainerItemProxy;
			containerPortal = CDD049812B5B98E700FECAD4 /* Project object */;
			proxyType = 1;
			remoteGlobalIDString = CDD049882B5B98E700FECAD4;
			remoteInfo = Notie;
		};
		CDD049A42B5B98E800FECAD4 /* PBXContainerItemProxy */ = {
			isa = PBXContainerItemProxy;
			containerPortal = CDD049812B5B98E700FECAD4 /* Project object */;
			proxyType = 1;
			remoteGlobalIDString = CDD049882B5B98E700FECAD4;
			remoteInfo = Notie;
		};
/* End PBXContainerItemProxy section */

/* Begin PBXFileReference section */
		CDD049892B5B98E700FECAD4 /* Notie.app */ = {isa = PBXFileReference; explicitFileType = wrapper.application; includeInIndex = 0; path = Notie.app; sourceTree = BUILT_PRODUCTS_DIR; };
		CDD0498C2B5B98E700FECAD4 /* NotieApp.swift */ = {isa = PBXFileReference; lastKnownFileType = sourcecode.swift; path = NotieApp.swift; sourceTree = "<group>"; };
		CDD0498E2B5B98E700FECAD4 /* RootView.swift */ = {isa = PBXFileReference; lastKnownFileType = sourcecode.swift; path = RootView.swift; sourceTree = "<group>"; };
		CDD049902B5B98E800FECAD4 /* Assets.xcassets */ = {isa = PBXFileReference; lastKnownFileType = folder.assetcatalog; path = Assets.xcassets; sourceTree = "<group>"; };
		CDD049932B5B98E800FECAD4 /* Preview Assets.xcassets */ = {isa = PBXFileReference; lastKnownFileType = folder.assetcatalog; path = "Preview Assets.xcassets"; sourceTree = "<group>"; };
		CDD049992B5B98E800FECAD4 /* NotieTests.xctest */ = {isa = PBXFileReference; explicitFileType = wrapper.cfbundle; includeInIndex = 0; path = NotieTests.xctest; sourceTree = BUILT_PRODUCTS_DIR; };
		CDD0499D2B5B98E800FECAD4 /* NotieTests.swift */ = {isa = PBXFileReference; lastKnownFileType = sourcecode.swift; path = NotieTests.swift; sourceTree = "<group>"; };
		CDD049A32B5B98E800FECAD4 /* NotieUITests.xctest */ = {isa = PBXFileReference; explicitFileType = wrapper.cfbundle; includeInIndex = 0; path = NotieUITests.xctest; sourceTree = BUILT_PRODUCTS_DIR; };
		CDD049A72B5B98E800FECAD4 /* NotieUITests.swift */ = {isa = PBXFileReference; lastKnownFileType = sourcecode.swift; path = NotieUITests.swift; sourceTree = "<group>"; };
		CDD049A92B5B98E800FECAD4 /* NotieUITestsLaunchTests.swift */ = {isa = PBXFileReference; lastKnownFileType = sourcecode.swift; path = NotieUITestsLaunchTests.swift; sourceTree = "<group>"; };
		CDD049CB2B5C02C400FECAD4 /* UIButton.swift */ = {isa = PBXFileReference; lastKnownFileType = sourcecode.swift; path = UIButton.swift; sourceTree = "<group>"; };
		CDD049CE2B5C090D00FECAD4 /* ManjariBold.ttf */ = {isa = PBXFileReference; lastKnownFileType = file; path = ManjariBold.ttf; sourceTree = "<group>"; };
		CDD049CF2B5C090D00FECAD4 /* ManjariThin.ttf */ = {isa = PBXFileReference; lastKnownFileType = file; path = ManjariThin.ttf; sourceTree = "<group>"; };
		CDD049D02B5C090D00FECAD4 /* ManjariRegular.ttf */ = {isa = PBXFileReference; lastKnownFileType = file; path = ManjariRegular.ttf; sourceTree = "<group>"; };
		CDD049D62B5C0ABA00FECAD4 /* Info.plist */ = {isa = PBXFileReference; lastKnownFileType = text.plist; path = Info.plist; sourceTree = "<group>"; };
		CDD049D82B5C765200FECAD4 /* UIText.swift */ = {isa = PBXFileReference; lastKnownFileType = sourcecode.swift; path = UIText.swift; sourceTree = "<group>"; };
		CDD049DB2B5C77E400FECAD4 /* Extensions.swift */ = {isa = PBXFileReference; lastKnownFileType = sourcecode.swift; path = Extensions.swift; sourceTree = "<group>"; };
		CDD049DE2B5C7A9B00FECAD4 /* OnBoardingView.swift */ = {isa = PBXFileReference; lastKnownFileType = sourcecode.swift; path = OnBoardingView.swift; sourceTree = "<group>"; };
		CDD049E02B5C855400FECAD4 /* OnBoardingModel.swift */ = {isa = PBXFileReference; lastKnownFileType = sourcecode.swift; path = OnBoardingModel.swift; sourceTree = "<group>"; };
		CDD049E22B5C868100FECAD4 /* OnBoardingViewModel.swift */ = {isa = PBXFileReference; lastKnownFileType = sourcecode.swift; path = OnBoardingViewModel.swift; sourceTree = "<group>"; };
		CDD049E42B5C98C600FECAD4 /* LoginView.swift */ = {isa = PBXFileReference; lastKnownFileType = sourcecode.swift; path = LoginView.swift; sourceTree = "<group>"; };
		CDD049E62B5C98D500FECAD4 /* RegisterView.swift */ = {isa = PBXFileReference; lastKnownFileType = sourcecode.swift; path = RegisterView.swift; sourceTree = "<group>"; };
		CDD049E82B5CFD2700FECAD4 /* README.md */ = {isa = PBXFileReference; lastKnownFileType = net.daringfireball.markdown; path = README.md; sourceTree = "<group>"; };
/* End PBXFileReference section */

/* Begin PBXFrameworksBuildPhase section */
		CDD049862B5B98E700FECAD4 /* Frameworks */ = {
			isa = PBXFrameworksBuildPhase;
			buildActionMask = 2147483647;
			files = (
			);
			runOnlyForDeploymentPostprocessing = 0;
		};
		CDD049962B5B98E800FECAD4 /* Frameworks */ = {
			isa = PBXFrameworksBuildPhase;
			buildActionMask = 2147483647;
			files = (
			);
			runOnlyForDeploymentPostprocessing = 0;
		};
		CDD049A02B5B98E800FECAD4 /* Frameworks */ = {
			isa = PBXFrameworksBuildPhase;
			buildActionMask = 2147483647;
			files = (
			);
			runOnlyForDeploymentPostprocessing = 0;
		};
/* End PBXFrameworksBuildPhase section */

/* Begin PBXGroup section */
		CDD049802B5B98E700FECAD4 = {
			isa = PBXGroup;
			children = (
				CDD049E82B5CFD2700FECAD4 /* README.md */,
				CDD0498B2B5B98E700FECAD4 /* Notie */,
				CDD0499C2B5B98E800FECAD4 /* NotieTests */,
				CDD049A62B5B98E800FECAD4 /* NotieUITests */,
				CDD0498A2B5B98E700FECAD4 /* Products */,
			);
			sourceTree = "<group>";
		};
		CDD0498A2B5B98E700FECAD4 /* Products */ = {
			isa = PBXGroup;
			children = (
				CDD049892B5B98E700FECAD4 /* Notie.app */,
				CDD049992B5B98E800FECAD4 /* NotieTests.xctest */,
				CDD049A32B5B98E800FECAD4 /* NotieUITests.xctest */,
			);
			name = Products;
			sourceTree = "<group>";
		};
		CDD0498B2B5B98E700FECAD4 /* Notie */ = {
			isa = PBXGroup;
			children = (
				CDD049DA2B5C77A400FECAD4 /* Extensions */,
				CDD049D62B5C0ABA00FECAD4 /* Info.plist */,
				CDD049C62B5C026D00FECAD4 /* Components */,
				CDD049C12B5C017E00FECAD4 /* Modules */,
				CDD049BB2B5BFE2200FECAD4 /* Resources */,
				CDD049BA2B5BFDA900FECAD4 /* Config */,
				CDD049B82B5BFD8500FECAD4 /* Utilities */,
				CDD0498C2B5B98E700FECAD4 /* NotieApp.swift */,
				CDD049922B5B98E800FECAD4 /* Preview Content */,
			);
			path = Notie;
			sourceTree = "<group>";
		};
		CDD049922B5B98E800FECAD4 /* Preview Content */ = {
			isa = PBXGroup;
			children = (
				CDD049932B5B98E800FECAD4 /* Preview Assets.xcassets */,
			);
			path = "Preview Content";
			sourceTree = "<group>";
		};
		CDD0499C2B5B98E800FECAD4 /* NotieTests */ = {
			isa = PBXGroup;
			children = (
				CDD0499D2B5B98E800FECAD4 /* NotieTests.swift */,
			);
			path = NotieTests;
			sourceTree = "<group>";
		};
		CDD049A62B5B98E800FECAD4 /* NotieUITests */ = {
			isa = PBXGroup;
			children = (
				CDD049A72B5B98E800FECAD4 /* NotieUITests.swift */,
				CDD049A92B5B98E800FECAD4 /* NotieUITestsLaunchTests.swift */,
			);
			path = NotieUITests;
			sourceTree = "<group>";
		};
		CDD049B82B5BFD8500FECAD4 /* Utilities */ = {
			isa = PBXGroup;
			children = (
			);
			path = Utilities;
			sourceTree = "<group>";
		};
		CDD049BA2B5BFDA900FECAD4 /* Config */ = {
			isa = PBXGroup;
			children = (
			);
			path = Config;
			sourceTree = "<group>";
		};
		CDD049BB2B5BFE2200FECAD4 /* Resources */ = {
			isa = PBXGroup;
			children = (
				CDD049CD2B5C090D00FECAD4 /* Fonts */,
				CDD049BC2B5BFE4A00FECAD4 /* Images */,
			);
			path = Resources;
			sourceTree = "<group>";
		};
		CDD049BC2B5BFE4A00FECAD4 /* Images */ = {
			isa = PBXGroup;
			children = (
				CDD049902B5B98E800FECAD4 /* Assets.xcassets */,
			);
			path = Images;
			sourceTree = "<group>";
		};
		CDD049C12B5C017E00FECAD4 /* Modules */ = {
			isa = PBXGroup;
			children = (
				CDD049DD2B5C7A8800FECAD4 /* OnBoarding */,
				CDD049D72B5C75F700FECAD4 /* Root */,
				CDD049C32B5C022100FECAD4 /* Auth */,
			);
			path = Modules;
			sourceTree = "<group>";
		};
		CDD049C32B5C022100FECAD4 /* Auth */ = {
			isa = PBXGroup;
			children = (
				CDD049E42B5C98C600FECAD4 /* LoginView.swift */,
				CDD049E62B5C98D500FECAD4 /* RegisterView.swift */,
			);
			path = Auth;
			sourceTree = "<group>";
		};
		CDD049C62B5C026D00FECAD4 /* Components */ = {
			isa = PBXGroup;
			children = (
				CDD049CA2B5C029E00FECAD4 /* Templates */,
				CDD049C92B5C029700FECAD4 /* Organisms */,
				CDD049C82B5C028D00FECAD4 /* Molecules */,
				CDD049C72B5C028500FECAD4 /* Atoms */,
			);
			path = Components;
			sourceTree = "<group>";
		};
		CDD049C72B5C028500FECAD4 /* Atoms */ = {
			isa = PBXGroup;
			children = (
				CDD049CB2B5C02C400FECAD4 /* UIButton.swift */,
				CDD049D82B5C765200FECAD4 /* UIText.swift */,
			);
			path = Atoms;
			sourceTree = "<group>";
		};
		CDD049C82B5C028D00FECAD4 /* Molecules */ = {
			isa = PBXGroup;
			children = (
			);
			path = Molecules;
			sourceTree = "<group>";
		};
		CDD049C92B5C029700FECAD4 /* Organisms */ = {
			isa = PBXGroup;
			children = (
			);
			path = Organisms;
			sourceTree = "<group>";
		};
		CDD049CA2B5C029E00FECAD4 /* Templates */ = {
			isa = PBXGroup;
			children = (
			);
			path = Templates;
			sourceTree = "<group>";
		};
		CDD049CD2B5C090D00FECAD4 /* Fonts */ = {
			isa = PBXGroup;
			children = (
				CDD049CE2B5C090D00FECAD4 /* ManjariBold.ttf */,
				CDD049CF2B5C090D00FECAD4 /* ManjariThin.ttf */,
				CDD049D02B5C090D00FECAD4 /* ManjariRegular.ttf */,
			);
			path = Fonts;
			sourceTree = "<group>";
		};
		CDD049D72B5C75F700FECAD4 /* Root */ = {
			isa = PBXGroup;
			children = (
				CDD0498E2B5B98E700FECAD4 /* RootView.swift */,
			);
			path = Root;
			sourceTree = "<group>";
		};
		CDD049DA2B5C77A400FECAD4 /* Extensions */ = {
			isa = PBXGroup;
			children = (
				CDD049DB2B5C77E400FECAD4 /* Extensions.swift */,
			);
			path = Extensions;
			sourceTree = "<group>";
		};
		CDD049DD2B5C7A8800FECAD4 /* OnBoarding */ = {
			isa = PBXGroup;
			children = (
				CDD049DE2B5C7A9B00FECAD4 /* OnBoardingView.swift */,
				CDD049E02B5C855400FECAD4 /* OnBoardingModel.swift */,
				CDD049E22B5C868100FECAD4 /* OnBoardingViewModel.swift */,
			);
			path = OnBoarding;
			sourceTree = "<group>";
		};
/* End PBXGroup section */

/* Begin PBXNativeTarget section */
		CDD049882B5B98E700FECAD4 /* Notie */ = {
			isa = PBXNativeTarget;
			buildConfigurationList = CDD049AD2B5B98E800FECAD4 /* Build configuration list for PBXNativeTarget "Notie" */;
			buildPhases = (
				CDD049852B5B98E700FECAD4 /* Sources */,
				CDD049862B5B98E700FECAD4 /* Frameworks */,
				CDD049872B5B98E700FECAD4 /* Resources */,
			);
			buildRules = (
			);
			dependencies = (
			);
			name = Notie;
			productName = Notie;
			productReference = CDD049892B5B98E700FECAD4 /* Notie.app */;
			productType = "com.apple.product-type.application";
		};
		CDD049982B5B98E800FECAD4 /* NotieTests */ = {
			isa = PBXNativeTarget;
			buildConfigurationList = CDD049B02B5B98E800FECAD4 /* Build configuration list for PBXNativeTarget "NotieTests" */;
			buildPhases = (
				CDD049952B5B98E800FECAD4 /* Sources */,
				CDD049962B5B98E800FECAD4 /* Frameworks */,
				CDD049972B5B98E800FECAD4 /* Resources */,
			);
			buildRules = (
			);
			dependencies = (
				CDD0499B2B5B98E800FECAD4 /* PBXTargetDependency */,
			);
			name = NotieTests;
			productName = NotieTests;
			productReference = CDD049992B5B98E800FECAD4 /* NotieTests.xctest */;
			productType = "com.apple.product-type.bundle.unit-test";
		};
		CDD049A22B5B98E800FECAD4 /* NotieUITests */ = {
			isa = PBXNativeTarget;
			buildConfigurationList = CDD049B32B5B98E800FECAD4 /* Build configuration list for PBXNativeTarget "NotieUITests" */;
			buildPhases = (
				CDD0499F2B5B98E800FECAD4 /* Sources */,
				CDD049A02B5B98E800FECAD4 /* Frameworks */,
				CDD049A12B5B98E800FECAD4 /* Resources */,
			);
			buildRules = (
			);
			dependencies = (
				CDD049A52B5B98E800FECAD4 /* PBXTargetDependency */,
			);
			name = NotieUITests;
			productName = NotieUITests;
			productReference = CDD049A32B5B98E800FECAD4 /* NotieUITests.xctest */;
			productType = "com.apple.product-type.bundle.ui-testing";
		};
/* End PBXNativeTarget section */

/* Begin PBXProject section */
		CDD049812B5B98E700FECAD4 /* Project object */ = {
			isa = PBXProject;
			attributes = {
				BuildIndependentTargetsInParallel = 1;
				LastSwiftUpdateCheck = 1500;
				LastUpgradeCheck = 1500;
				TargetAttributes = {
					CDD049882B5B98E700FECAD4 = {
						CreatedOnToolsVersion = 15.0.1;
					};
					CDD049982B5B98E800FECAD4 = {
						CreatedOnToolsVersion = 15.0.1;
						TestTargetID = CDD049882B5B98E700FECAD4;
					};
					CDD049A22B5B98E800FECAD4 = {
						CreatedOnToolsVersion = 15.0.1;
						TestTargetID = CDD049882B5B98E700FECAD4;
					};
				};
			};
			buildConfigurationList = CDD049842B5B98E700FECAD4 /* Build configuration list for PBXProject "Notie" */;
			compatibilityVersion = "Xcode 14.0";
			developmentRegion = en;
			hasScannedForEncodings = 0;
			knownRegions = (
				en,
				Base,
			);
			mainGroup = CDD049802B5B98E700FECAD4;
			productRefGroup = CDD0498A2B5B98E700FECAD4 /* Products */;
			projectDirPath = "";
			projectRoot = "";
			targets = (
				CDD049882B5B98E700FECAD4 /* Notie */,
				CDD049982B5B98E800FECAD4 /* NotieTests */,
				CDD049A22B5B98E800FECAD4 /* NotieUITests */,
			);
		};
/* End PBXProject section */

/* Begin PBXResourcesBuildPhase section */
		CDD049872B5B98E700FECAD4 /* Resources */ = {
			isa = PBXResourcesBuildPhase;
			buildActionMask = 2147483647;
			files = (
				CDD049D22B5C090D00FECAD4 /* ManjariBold.ttf in Resources */,
				CDD049942B5B98E800FECAD4 /* Preview Assets.xcassets in Resources */,
				CDD049D42B5C090D00FECAD4 /* ManjariRegular.ttf in Resources */,
				CDD049D32B5C090D00FECAD4 /* ManjariThin.ttf in Resources */,
				CDD049912B5B98E800FECAD4 /* Assets.xcassets in Resources */,
			);
			runOnlyForDeploymentPostprocessing = 0;
		};
		CDD049972B5B98E800FECAD4 /* Resources */ = {
			isa = PBXResourcesBuildPhase;
			buildActionMask = 2147483647;
			files = (
			);
			runOnlyForDeploymentPostprocessing = 0;
		};
		CDD049A12B5B98E800FECAD4 /* Resources */ = {
			isa = PBXResourcesBuildPhase;
			buildActionMask = 2147483647;
			files = (
			);
			runOnlyForDeploymentPostprocessing = 0;
		};
/* End PBXResourcesBuildPhase section */

/* Begin PBXSourcesBuildPhase section */
		CDD049852B5B98E700FECAD4 /* Sources */ = {
			isa = PBXSourcesBuildPhase;
			buildActionMask = 2147483647;
			files = (
				CDD0498F2B5B98E700FECAD4 /* RootView.swift in Sources */,
				CDD049E72B5C98D500FECAD4 /* RegisterView.swift in Sources */,
				CDD049DC2B5C77E400FECAD4 /* Extensions.swift in Sources */,
				CDD049CC2B5C02C400FECAD4 /* UIButton.swift in Sources */,
				CDD049E52B5C98C600FECAD4 /* LoginView.swift in Sources */,
				CDD049E32B5C868100FECAD4 /* OnBoardingViewModel.swift in Sources */,
				CDD049D92B5C765200FECAD4 /* UIText.swift in Sources */,
				CDD049DF2B5C7A9B00FECAD4 /* OnBoardingView.swift in Sources */,
				CDD0498D2B5B98E700FECAD4 /* NotieApp.swift in Sources */,
				CDD049E12B5C855400FECAD4 /* OnBoardingModel.swift in Sources */,
			);
			runOnlyForDeploymentPostprocessing = 0;
		};
		CDD049952B5B98E800FECAD4 /* Sources */ = {
			isa = PBXSourcesBuildPhase;
			buildActionMask = 2147483647;
			files = (
				CDD0499E2B5B98E800FECAD4 /* NotieTests.swift in Sources */,
			);
			runOnlyForDeploymentPostprocessing = 0;
		};
		CDD0499F2B5B98E800FECAD4 /* Sources */ = {
			isa = PBXSourcesBuildPhase;
			buildActionMask = 2147483647;
			files = (
				CDD049AA2B5B98E800FECAD4 /* NotieUITestsLaunchTests.swift in Sources */,
				CDD049A82B5B98E800FECAD4 /* NotieUITests.swift in Sources */,
			);
			runOnlyForDeploymentPostprocessing = 0;
		};
/* End PBXSourcesBuildPhase section */

/* Begin PBXTargetDependency section */
		CDD0499B2B5B98E800FECAD4 /* PBXTargetDependency */ = {
			isa = PBXTargetDependency;
			target = CDD049882B5B98E700FECAD4 /* Notie */;
			targetProxy = CDD0499A2B5B98E800FECAD4 /* PBXContainerItemProxy */;
		};
		CDD049A52B5B98E800FECAD4 /* PBXTargetDependency */ = {
			isa = PBXTargetDependency;
			target = CDD049882B5B98E700FECAD4 /* Notie */;
			targetProxy = CDD049A42B5B98E800FECAD4 /* PBXContainerItemProxy */;
		};
/* End PBXTargetDependency section */

/* Begin XCBuildConfiguration section */
		CDD049AB2B5B98E800FECAD4 /* Debug */ = {
			isa = XCBuildConfiguration;
			buildSettings = {
				ALWAYS_SEARCH_USER_PATHS = NO;
				ASSETCATALOG_COMPILER_GENERATE_SWIFT_ASSET_SYMBOL_EXTENSIONS = YES;
				CLANG_ANALYZER_NONNULL = YES;
				CLANG_ANALYZER_NUMBER_OBJECT_CONVERSION = YES_AGGRESSIVE;
				CLANG_CXX_LANGUAGE_STANDARD = "gnu++20";
				CLANG_ENABLE_MODULES = YES;
				CLANG_ENABLE_OBJC_ARC = YES;
				CLANG_ENABLE_OBJC_WEAK = YES;
				CLANG_WARN_BLOCK_CAPTURE_AUTORELEASING = YES;
				CLANG_WARN_BOOL_CONVERSION = YES;
				CLANG_WARN_COMMA = YES;
				CLANG_WARN_CONSTANT_CONVERSION = YES;
				CLANG_WARN_DEPRECATED_OBJC_IMPLEMENTATIONS = YES;
				CLANG_WARN_DIRECT_OBJC_ISA_USAGE = YES_ERROR;
				CLANG_WARN_DOCUMENTATION_COMMENTS = YES;
				CLANG_WARN_EMPTY_BODY = YES;
				CLANG_WARN_ENUM_CONVERSION = YES;
				CLANG_WARN_INFINITE_RECURSION = YES;
				CLANG_WARN_INT_CONVERSION = YES;
				CLANG_WARN_NON_LITERAL_NULL_CONVERSION = YES;
				CLANG_WARN_OBJC_IMPLICIT_RETAIN_SELF = YES;
				CLANG_WARN_OBJC_LITERAL_CONVERSION = YES;
				CLANG_WARN_OBJC_ROOT_CLASS = YES_ERROR;
				CLANG_WARN_QUOTED_INCLUDE_IN_FRAMEWORK_HEADER = YES;
				CLANG_WARN_RANGE_LOOP_ANALYSIS = YES;
				CLANG_WARN_STRICT_PROTOTYPES = YES;
				CLANG_WARN_SUSPICIOUS_MOVE = YES;
				CLANG_WARN_UNGUARDED_AVAILABILITY = YES_AGGRESSIVE;
				CLANG_WARN_UNREACHABLE_CODE = YES;
				CLANG_WARN__DUPLICATE_METHOD_MATCH = YES;
				COPY_PHASE_STRIP = NO;
				DEBUG_INFORMATION_FORMAT = dwarf;
				ENABLE_STRICT_OBJC_MSGSEND = YES;
				ENABLE_TESTABILITY = YES;
				ENABLE_USER_SCRIPT_SANDBOXING = YES;
				GCC_C_LANGUAGE_STANDARD = gnu17;
				GCC_DYNAMIC_NO_PIC = NO;
				GCC_NO_COMMON_BLOCKS = YES;
				GCC_OPTIMIZATION_LEVEL = 0;
				GCC_PREPROCESSOR_DEFINITIONS = (
					"DEBUG=1",
					"$(inherited)",
				);
				GCC_WARN_64_TO_32_BIT_CONVERSION = YES;
				GCC_WARN_ABOUT_RETURN_TYPE = YES_ERROR;
				GCC_WARN_UNDECLARED_SELECTOR = YES;
				GCC_WARN_UNINITIALIZED_AUTOS = YES_AGGRESSIVE;
				GCC_WARN_UNUSED_FUNCTION = YES;
				GCC_WARN_UNUSED_VARIABLE = YES;
				IPHONEOS_DEPLOYMENT_TARGET = 17.0;
				LOCALIZATION_PREFERS_STRING_CATALOGS = YES;
				MTL_ENABLE_DEBUG_INFO = INCLUDE_SOURCE;
				MTL_FAST_MATH = YES;
				ONLY_ACTIVE_ARCH = YES;
				SDKROOT = iphoneos;
				SWIFT_ACTIVE_COMPILATION_CONDITIONS = "DEBUG $(inherited)";
				SWIFT_OPTIMIZATION_LEVEL = "-Onone";
			};
			name = Debug;
		};
		CDD049AC2B5B98E800FECAD4 /* Release */ = {
			isa = XCBuildConfiguration;
			buildSettings = {
				ALWAYS_SEARCH_USER_PATHS = NO;
				ASSETCATALOG_COMPILER_GENERATE_SWIFT_ASSET_SYMBOL_EXTENSIONS = YES;
				CLANG_ANALYZER_NONNULL = YES;
				CLANG_ANALYZER_NUMBER_OBJECT_CONVERSION = YES_AGGRESSIVE;
				CLANG_CXX_LANGUAGE_STANDARD = "gnu++20";
				CLANG_ENABLE_MODULES = YES;
				CLANG_ENABLE_OBJC_ARC = YES;
				CLANG_ENABLE_OBJC_WEAK = YES;
				CLANG_WARN_BLOCK_CAPTURE_AUTORELEASING = YES;
				CLANG_WARN_BOOL_CONVERSION = YES;
				CLANG_WARN_COMMA = YES;
				CLANG_WARN_CONSTANT_CONVERSION = YES;
				CLANG_WARN_DEPRECATED_OBJC_IMPLEMENTATIONS = YES;
				CLANG_WARN_DIRECT_OBJC_ISA_USAGE = YES_ERROR;
				CLANG_WARN_DOCUMENTATION_COMMENTS = YES;
				CLANG_WARN_EMPTY_BODY = YES;
				CLANG_WARN_ENUM_CONVERSION = YES;
				CLANG_WARN_INFINITE_RECURSION = YES;
				CLANG_WARN_INT_CONVERSION = YES;
				CLANG_WARN_NON_LITERAL_NULL_CONVERSION = YES;
				CLANG_WARN_OBJC_IMPLICIT_RETAIN_SELF = YES;
				CLANG_WARN_OBJC_LITERAL_CONVERSION = YES;
				CLANG_WARN_OBJC_ROOT_CLASS = YES_ERROR;
				CLANG_WARN_QUOTED_INCLUDE_IN_FRAMEWORK_HEADER = YES;
				CLANG_WARN_RANGE_LOOP_ANALYSIS = YES;
				CLANG_WARN_STRICT_PROTOTYPES = YES;
				CLANG_WARN_SUSPICIOUS_MOVE = YES;
				CLANG_WARN_UNGUARDED_AVAILABILITY = YES_AGGRESSIVE;
				CLANG_WARN_UNREACHABLE_CODE = YES;
				CLANG_WARN__DUPLICATE_METHOD_MATCH = YES;
				COPY_PHASE_STRIP = NO;
				DEBUG_INFORMATION_FORMAT = "dwarf-with-dsym";
				ENABLE_NS_ASSERTIONS = NO;
				ENABLE_STRICT_OBJC_MSGSEND = YES;
				ENABLE_USER_SCRIPT_SANDBOXING = YES;
				GCC_C_LANGUAGE_STANDARD = gnu17;
				GCC_NO_COMMON_BLOCKS = YES;
				GCC_WARN_64_TO_32_BIT_CONVERSION = YES;
				GCC_WARN_ABOUT_RETURN_TYPE = YES_ERROR;
				GCC_WARN_UNDECLARED_SELECTOR = YES;
				GCC_WARN_UNINITIALIZED_AUTOS = YES_AGGRESSIVE;
				GCC_WARN_UNUSED_FUNCTION = YES;
				GCC_WARN_UNUSED_VARIABLE = YES;
				IPHONEOS_DEPLOYMENT_TARGET = 17.0;
				LOCALIZATION_PREFERS_STRING_CATALOGS = YES;
				MTL_ENABLE_DEBUG_INFO = NO;
				MTL_FAST_MATH = YES;
				SDKROOT = iphoneos;
				SWIFT_COMPILATION_MODE = wholemodule;
				VALIDATE_PRODUCT = YES;
			};
			name = Release;
		};
		CDD049AE2B5B98E800FECAD4 /* Debug */ = {
			isa = XCBuildConfiguration;
			buildSettings = {
				ASSETCATALOG_COMPILER_APPICON_NAME = AppIcon;
				ASSETCATALOG_COMPILER_GLOBAL_ACCENT_COLOR_NAME = AccentColor;
				CODE_SIGN_STYLE = Automatic;
				CURRENT_PROJECT_VERSION = 1;
				DEVELOPMENT_ASSET_PATHS = "\"Notie/Preview Content\"";
				ENABLE_PREVIEWS = YES;
				GENERATE_INFOPLIST_FILE = YES;
				INFOPLIST_FILE = Notie/Info.plist;
				INFOPLIST_KEY_CFBundleDisplayName = Notie;
				INFOPLIST_KEY_LSApplicationCategoryType = "public.app-category.productivity";
				INFOPLIST_KEY_UIApplicationSceneManifest_Generation = YES;
				INFOPLIST_KEY_UIApplicationSupportsIndirectInputEvents = YES;
				INFOPLIST_KEY_UILaunchScreen_Generation = YES;
				INFOPLIST_KEY_UISupportedInterfaceOrientations = UIInterfaceOrientationPortrait;
				INFOPLIST_KEY_UISupportedInterfaceOrientations_iPad = "UIInterfaceOrientationLandscapeLeft UIInterfaceOrientationLandscapeRight UIInterfaceOrientationPortrait UIInterfaceOrientationPortraitUpsideDown";
				IPHONEOS_DEPLOYMENT_TARGET = 14.0;
				LD_RUNPATH_SEARCH_PATHS = (
					"$(inherited)",
					"@executable_path/Frameworks",
				);
				MARKETING_VERSION = 1.0;
				PRODUCT_BUNDLE_IDENTIFIER = com.Notie;
				PRODUCT_NAME = "$(TARGET_NAME)";
				SWIFT_EMIT_LOC_STRINGS = YES;
				SWIFT_VERSION = 5.0;
				TARGETED_DEVICE_FAMILY = "1,2";
			};
			name = Debug;
		};
		CDD049AF2B5B98E800FECAD4 /* Release */ = {
			isa = XCBuildConfiguration;
			buildSettings = {
				ASSETCATALOG_COMPILER_APPICON_NAME = AppIcon;
				ASSETCATALOG_COMPILER_GLOBAL_ACCENT_COLOR_NAME = AccentColor;
				CODE_SIGN_STYLE = Automatic;
				CURRENT_PROJECT_VERSION = 1;
				DEVELOPMENT_ASSET_PATHS = "\"Notie/Preview Content\"";
				ENABLE_PREVIEWS = YES;
				GENERATE_INFOPLIST_FILE = YES;
				INFOPLIST_FILE = Notie/Info.plist;
				INFOPLIST_KEY_CFBundleDisplayName = Notie;
				INFOPLIST_KEY_LSApplicationCategoryType = "public.app-category.productivity";
				INFOPLIST_KEY_UIApplicationSceneManifest_Generation = YES;
				INFOPLIST_KEY_UIApplicationSupportsIndirectInputEvents = YES;
				INFOPLIST_KEY_UILaunchScreen_Generation = YES;
				INFOPLIST_KEY_UISupportedInterfaceOrientations = UIInterfaceOrientationPortrait;
				INFOPLIST_KEY_UISupportedInterfaceOrientations_iPad = "UIInterfaceOrientationLandscapeLeft UIInterfaceOrientationLandscapeRight UIInterfaceOrientationPortrait UIInterfaceOrientationPortraitUpsideDown";
				IPHONEOS_DEPLOYMENT_TARGET = 14.0;
				LD_RUNPATH_SEARCH_PATHS = (
					"$(inherited)",
					"@executable_path/Frameworks",
				);
				MARKETING_VERSION = 1.0;
				PRODUCT_BUNDLE_IDENTIFIER = com.Notie;
				PRODUCT_NAME = "$(TARGET_NAME)";
				SWIFT_EMIT_LOC_STRINGS = YES;
				SWIFT_VERSION = 5.0;
				TARGETED_DEVICE_FAMILY = "1,2";
			};
			name = Release;
		};
		CDD049B12B5B98E800FECAD4 /* Debug */ = {
			isa = XCBuildConfiguration;
			buildSettings = {
				ALWAYS_EMBED_SWIFT_STANDARD_LIBRARIES = YES;
				BUNDLE_LOADER = "$(TEST_HOST)";
				CODE_SIGN_STYLE = Automatic;
				CURRENT_PROJECT_VERSION = 1;
				GENERATE_INFOPLIST_FILE = YES;
				IPHONEOS_DEPLOYMENT_TARGET = 17.0;
				MARKETING_VERSION = 1.0;
				PRODUCT_BUNDLE_IDENTIFIER = com.NotieTests;
				PRODUCT_NAME = "$(TARGET_NAME)";
				SWIFT_EMIT_LOC_STRINGS = NO;
				SWIFT_VERSION = 5.0;
				TARGETED_DEVICE_FAMILY = "1,2";
				TEST_HOST = "$(BUILT_PRODUCTS_DIR)/Notie.app/$(BUNDLE_EXECUTABLE_FOLDER_PATH)/Notie";
			};
			name = Debug;
		};
		CDD049B22B5B98E800FECAD4 /* Release */ = {
			isa = XCBuildConfiguration;
			buildSettings = {
				ALWAYS_EMBED_SWIFT_STANDARD_LIBRARIES = YES;
				BUNDLE_LOADER = "$(TEST_HOST)";
				CODE_SIGN_STYLE = Automatic;
				CURRENT_PROJECT_VERSION = 1;
				GENERATE_INFOPLIST_FILE = YES;
				IPHONEOS_DEPLOYMENT_TARGET = 17.0;
				MARKETING_VERSION = 1.0;
				PRODUCT_BUNDLE_IDENTIFIER = com.NotieTests;
				PRODUCT_NAME = "$(TARGET_NAME)";
				SWIFT_EMIT_LOC_STRINGS = NO;
				SWIFT_VERSION = 5.0;
				TARGETED_DEVICE_FAMILY = "1,2";
				TEST_HOST = "$(BUILT_PRODUCTS_DIR)/Notie.app/$(BUNDLE_EXECUTABLE_FOLDER_PATH)/Notie";
			};
			name = Release;
		};
		CDD049B42B5B98E800FECAD4 /* Debug */ = {
			isa = XCBuildConfiguration;
			buildSettings = {
				ALWAYS_EMBED_SWIFT_STANDARD_LIBRARIES = YES;
				CODE_SIGN_STYLE = Automatic;
				CURRENT_PROJECT_VERSION = 1;
				GENERATE_INFOPLIST_FILE = YES;
				MARKETING_VERSION = 1.0;
				PRODUCT_BUNDLE_IDENTIFIER = com.NotieUITests;
				PRODUCT_NAME = "$(TARGET_NAME)";
				SWIFT_EMIT_LOC_STRINGS = NO;
				SWIFT_VERSION = 5.0;
				TARGETED_DEVICE_FAMILY = "1,2";
				TEST_TARGET_NAME = Notie;
			};
			name = Debug;
		};
		CDD049B52B5B98E800FECAD4 /* Release */ = {
			isa = XCBuildConfiguration;
			buildSettings = {
				ALWAYS_EMBED_SWIFT_STANDARD_LIBRARIES = YES;
				CODE_SIGN_STYLE = Automatic;
				CURRENT_PROJECT_VERSION = 1;
				GENERATE_INFOPLIST_FILE = YES;
				MARKETING_VERSION = 1.0;
				PRODUCT_BUNDLE_IDENTIFIER = com.NotieUITests;
				PRODUCT_NAME = "$(TARGET_NAME)";
				SWIFT_EMIT_LOC_STRINGS = NO;
				SWIFT_VERSION = 5.0;
				TARGETED_DEVICE_FAMILY = "1,2";
				TEST_TARGET_NAME = Notie;
			};
			name = Release;
		};
/* End XCBuildConfiguration section */

/* Begin XCConfigurationList section */
		CDD049842B5B98E700FECAD4 /* Build configuration list for PBXProject "Notie" */ = {
			isa = XCConfigurationList;
			buildConfigurations = (
				CDD049AB2B5B98E800FECAD4 /* Debug */,
				CDD049AC2B5B98E800FECAD4 /* Release */,
			);
			defaultConfigurationIsVisible = 0;
			defaultConfigurationName = Release;
		};
		CDD049AD2B5B98E800FECAD4 /* Build configuration list for PBXNativeTarget "Notie" */ = {
			isa = XCConfigurationList;
			buildConfigurations = (
				CDD049AE2B5B98E800FECAD4 /* Debug */,
				CDD049AF2B5B98E800FECAD4 /* Release */,
			);
			defaultConfigurationIsVisible = 0;
			defaultConfigurationName = Release;
		};
		CDD049B02B5B98E800FECAD4 /* Build configuration list for PBXNativeTarget "NotieTests" */ = {
			isa = XCConfigurationList;
			buildConfigurations = (
				CDD049B12B5B98E800FECAD4 /* Debug */,
				CDD049B22B5B98E800FECAD4 /* Release */,
			);
			defaultConfigurationIsVisible = 0;
			defaultConfigurationName = Release;
		};
		CDD049B32B5B98E800FECAD4 /* Build configuration list for PBXNativeTarget "NotieUITests" */ = {
			isa = XCConfigurationList;
			buildConfigurations = (
				CDD049B42B5B98E800FECAD4 /* Debug */,
				CDD049B52B5B98E800FECAD4 /* Release */,
			);
			defaultConfigurationIsVisible = 0;
			defaultConfigurationName = Release;
		};
/* End XCConfigurationList section */
	};
	rootObject = CDD049812B5B98E700FECAD4 /* Project object */;
}
